PODS:
  - Alamofire (5.6.4)
  - SnapKit (5.0.1)

DEPENDENCIES:
  - Alamofire (~> 5.3)
  - SnapKit (~> 5.0.0)

SPEC REPOS:
  trunk:
    - Alamofire
    - SnapKit

SPEC CHECKSUMS:
  Alamofire: 4e95d97098eacb88856099c4fc79b526a299e48c
  SnapKit: 97b92857e3df3a0c71833cce143274bf6ef8e5eb

PODFILE CHECKSUM: 50978792560b87612d10b03de9b5f1904d75fc94

COCOAPODS: 1.11.3
